{
  "name": "@keber/visual-explainer-skill",
  "version": "1.4.0",
  "lockfileVersion": 3,
  "requires": true,
  "packages": {
    "": {
      "name": "@keber/visual-explainer-skill",
      "version": "1.4.0",
      "license": "MIT",
      "bin": {
        "visual-explainer": "bin/cli.js"
      },
      "engines": {
        "node": ">=16"
      }
    }
  }
}
